<?xml version="1.0" encoding="utf-8"?>
<Project ToolsVersion="4.0" xmlns="http://schemas.microsoft.com/developer/msbuild/2003">
  <ItemGroup>
    <Filter Include="include">
      <UniqueIdentifier>{89AF369E-F58E-B539-FEA6-40106A051C9B}</UniqueIdentifier>
    </Filter>
    <Filter Include="src">
      <UniqueIdentifier>{2DAB880B-99B4-887C-2230-9F7C8E38947C}</UniqueIdentifier>
    </Filter>
  </ItemGroup>
  <ItemGroup>
    <ClInclude Include="CMCommon\include\CMC_BinaryStream.hpp">
      <Filter>include</Filter>
    </ClInclude>
    <ClInclude Include="CMCommon\include\CMC_ECS.hpp">
      <Filter>include</Filter>
    </ClInclude>
    <ClInclude Include="CMCommon\include\CMC_ECSEntity.hpp">
      <Filter>include</Filter>
    </ClInclude>
    <ClInclude Include="CMCommon\include\CMC_ErasedArena.hpp">
      <Filter>include</Filter>
    </ClInclude>
    <ClInclude Include="CMCommon\include\CMC_Logger.hpp">
      <Filter>include</Filter>
    </ClInclude>
    <ClInclude Include="CMCommon\include\CMC_Macros.hpp">
      <Filter>include</Filter>
    </ClInclude>
    <ClInclude Include="CMCommon\include\CMC_MetaArena.hpp">
      <Filter>include</Filter>
    </ClInclude>
    <ClInclude Include="CMCommon\include\CMC_Parser.hpp">
      <Filter>include</Filter>
    </ClInclude>
    <ClInclude Include="CMCommon\include\CMC_SparseSet.hpp">
      <Filter>include</Filter>
    </ClInclude>
    <ClInclude Include="CMCommon\include\CMC_TypeID.hpp">
      <Filter>include</Filter>
    </ClInclude>
    <ClInclude Include="CMCommon\include\CMC_Types.hpp">
      <Filter>include</Filter>
    </ClInclude>
    <ClInclude Include="CMCommon\include\CMC_Utility.hpp">
      <Filter>include</Filter>
    </ClInclude>
  </ItemGroup>
  <ItemGroup>
    <ClCompile Include="CMCommon\src\CMC_BinaryStream.cpp">
      <Filter>src</Filter>
    </ClCompile>
    <ClCompile Include="CMCommon\src\CMC_ECS.cpp">
      <Filter>src</Filter>
    </ClCompile>
    <ClCompile Include="CMCommon\src\CMC_ECSEntity.cpp">
      <Filter>src</Filter>
    </ClCompile>
    <ClCompile Include="CMCommon\src\CMC_ErasedArena.cpp">
      <Filter>src</Filter>
    </ClCompile>
    <ClCompile Include="CMCommon\src\CMC_Parser.cpp">
      <Filter>src</Filter>
    </ClCompile>
    <ClCompile Include="CMCommon\src\CMC_Types.cpp">
      <Filter>src</Filter>
    </ClCompile>
    <ClCompile Include="CMCommon\src\CMC_MetaArena.cpp" />
  </ItemGroup>
</Project>