<?xml version="1.0" encoding="utf-8"?>
<Project ToolsVersion="4.0" xmlns="http://schemas.microsoft.com/developer/msbuild/2003">
  <ItemGroup>
    <Filter Include="CMEngine">
      <UniqueIdentifier>{0B0A2721-F7D6-812C-20F0-6FD40C1CB7BA}</UniqueIdentifier>
    </Filter>
    <Filter Include="CMEngine\Source Files">
      <UniqueIdentifier>{FE85579F-6AF2-129A-33E6-AAF79F113502}</UniqueIdentifier>
    </Filter>
    <Filter Include="CMEngine\Source Files\Core">
      <UniqueIdentifier>{1619CA5F-0229-7630-6BE2-DA4E571165C9}</UniqueIdentifier>
    </Filter>
    <Filter Include="CMEngine\Source Files\DirectX">
      <UniqueIdentifier>{C0864810-2C9F-2F3A-F54B-BFD36123C4D3}</UniqueIdentifier>
    </Filter>
    <Filter Include="CMEngine\Source Files\Windows">
      <UniqueIdentifier>{384E92C6-A466-79F0-6D13-098AD9EA0D8A}</UniqueIdentifier>
    </Filter>
    <Filter Include="CMEngine\Include Files">
      <UniqueIdentifier>{F1F6AB6F-DDF0-D4C1-C65D-6BD2B2F63A2E}</UniqueIdentifier>
    </Filter>
    <Filter Include="CMEngine\Include Files\DirectX">
      <UniqueIdentifier>{B33A2CF8-9F60-F65E-88A6-7B2A746B1B2B}</UniqueIdentifier>
    </Filter>
    <Filter Include="CMEngine\Shaders">
      <UniqueIdentifier>{E409CE84-D002-EDD6-F934-D25BE58CCCE2}</UniqueIdentifier>
    </Filter>
    <Filter Include="CMEngine\Shaders\Pixel">
      <UniqueIdentifier>{75A2D435-619C-FD87-4A09-949836A263F4}</UniqueIdentifier>
    </Filter>
    <Filter Include="CMEngine\Shaders\Vertex">
      <UniqueIdentifier>{F1771CFE-5DAF-6495-66B9-C8B8D26F8B8E}</UniqueIdentifier>
    </Filter>
    <Filter Include="CMEngine\include">
      <UniqueIdentifier>{7E0C7730-6A05-9682-9337-7B077F8F758E}</UniqueIdentifier>
    </Filter>
    <Filter Include="CMEngine\include\Core">
      <UniqueIdentifier>{96AF213A-021C-DD34-CB0F-7592373BFF9C}</UniqueIdentifier>
    </Filter>
    <Filter Include="CMEngine\src">
      <UniqueIdentifier>{A2D57E12-8E38-0EB7-37BE-466D2300DA39}</UniqueIdentifier>
    </Filter>
    <Filter Include="CMEngine\src\Core">
      <UniqueIdentifier>{3ACF68A9-A6E5-663F-EF5C-F2605BB237C7}</UniqueIdentifier>
    </Filter>
    <Filter Include="vendor">
      <UniqueIdentifier>{B3738122-9F15-ACF8-88D0-BF4C74113349}</UniqueIdentifier>
    </Filter>
    <Filter Include="vendor\submodules">
      <UniqueIdentifier>{C589A148-31A0-9FDE-7A17-2B00E66C7066}</UniqueIdentifier>
    </Filter>
    <Filter Include="vendor\submodules\DirectXTK">
      <UniqueIdentifier>{66EA7F53-D2F7-AD39-5BDE-A924C7EA79F0}</UniqueIdentifier>
    </Filter>
    <Filter Include="vendor\submodules\DirectXTK\Src">
      <UniqueIdentifier>{5DE3B58C-C9C6-C4CC-D2C9-F2083E2C8B1D}</UniqueIdentifier>
    </Filter>
    <Filter Include="vendor\submodules\DirectXTK\Src\Shaders">
      <UniqueIdentifier>{3615026A-A2A4-C354-ABA0-A46C17AFFE60}</UniqueIdentifier>
    </Filter>
  </ItemGroup>
  <ItemGroup>
    <ClInclude Include="CMEngine\include\Core\CME_Asset.hpp">
      <Filter>CMEngine\include\Core</Filter>
    </ClInclude>
    <ClInclude Include="CMEngine\include\Core\CME_AssetHandle.hpp">
      <Filter>CMEngine\include\Core</Filter>
    </ClInclude>
    <ClInclude Include="CMEngine\include\Core\CME_AssetManager.hpp">
      <Filter>CMEngine\include\Core</Filter>
    </ClInclude>
    <ClInclude Include="CMEngine\include\Core\CME_Camera.hpp">
      <Filter>CMEngine\include\Core</Filter>
    </ClInclude>
    <ClInclude Include="CMEngine\include\Core\CME_Component.hpp">
      <Filter>CMEngine\include\Core</Filter>
    </ClInclude>
    <ClInclude Include="CMEngine\include\Core\CME_Engine.hpp">
      <Filter>CMEngine\include\Core</Filter>
    </ClInclude>
    <ClInclude Include="CMEngine\include\Core\CME_Entity.hpp">
      <Filter>CMEngine\include\Core</Filter>
    </ClInclude>
    <ClInclude Include="CMEngine\include\Core\CME_MeshData.hpp">
      <Filter>CMEngine\include\Core</Filter>
    </ClInclude>
    <ClInclude Include="CMEngine\include\Core\CME_MeshSerializer.hpp">
      <Filter>CMEngine\include\Core</Filter>
    </ClInclude>
    <ClInclude Include="CMEngine\include\Core\CME_PCH.hpp">
      <Filter>CMEngine\include\Core</Filter>
    </ClInclude>
    <ClInclude Include="CMEngine\include\Core\CME_Paths.hpp">
      <Filter>CMEngine\include\Core</Filter>
    </ClInclude>
    <ClInclude Include="CMEngine\include\Core\CME_Scene.hpp">
      <Filter>CMEngine\include\Core</Filter>
    </ClInclude>
    <ClInclude Include="CMEngine\include\Core\CME_SceneManager.hpp">
      <Filter>CMEngine\include\Core</Filter>
    </ClInclude>
    <ClInclude Include="CMEngine\include\Core\CME_TypeHint.hpp">
      <Filter>CMEngine\include\Core</Filter>
    </ClInclude>
    <ClInclude Include="CMEngine\include\Core\CME_WindowSettings.hpp">
      <Filter>CMEngine\include\Core</Filter>
    </ClInclude>
    <ClInclude Include="CMEngine\include\DirectX\CME_DXCamera.hpp">
      <Filter>CMEngine\Include Files\DirectX</Filter>
    </ClInclude>
    <ClInclude Include="CMEngine\include\DirectX\CME_DXComponents.hpp">
      <Filter>CMEngine\Include Files\DirectX</Filter>
    </ClInclude>
    <ClInclude Include="CMEngine\include\DirectX\CME_DXContext.hpp">
      <Filter>CMEngine\Include Files\DirectX</Filter>
    </ClInclude>
    <ClInclude Include="CMEngine\include\DirectX\CME_DXResources.hpp">
      <Filter>CMEngine\Include Files\DirectX</Filter>
    </ClInclude>
    <ClInclude Include="CMEngine\include\DirectX\CME_DXShaderData.hpp">
      <Filter>CMEngine\Include Files\DirectX</Filter>
    </ClInclude>
    <ClInclude Include="CMEngine\include\DirectX\CME_DXShaderLibrary.hpp">
      <Filter>CMEngine\Include Files\DirectX</Filter>
    </ClInclude>
    <ClInclude Include="CMEngine\include\DirectX\CME_DXShaderSet.hpp">
      <Filter>CMEngine\Include Files\DirectX</Filter>
    </ClInclude>
    <ClInclude Include="CMEngine\include\DirectX\CME_DXUtility.hpp">
      <Filter>CMEngine\Include Files\DirectX</Filter>
    </ClInclude>
    <ClInclude Include="CMEngine\include\Windows\CME_WNDefines.hpp">
      <Filter>CMEngine\Source Files\Core</Filter>
    </ClInclude>
    <ClInclude Include="CMEngine\include\Windows\CME_WNKeyboard.hpp">
      <Filter>CMEngine\Source Files\Core</Filter>
    </ClInclude>
    <ClInclude Include="CMEngine\include\Windows\CME_WNUtility.hpp">
      <Filter>CMEngine\Source Files\Core</Filter>
    </ClInclude>
    <ClInclude Include="CMEngine\include\Windows\CME_WNWindow.hpp">
      <Filter>CMEngine\Source Files\Core</Filter>
    </ClInclude>
    <ClInclude Include="CMEngine\include\Core\CME_LayerStack.hpp" />
    <ClInclude Include="CMEngine\src\Core\CME_LayerStack.cpp" />
  </ItemGroup>
  <ItemGroup>
    <ClCompile Include="CMEngine\src\Core\CME_Asset.cpp">
      <Filter>CMEngine\src\Core</Filter>
    </ClCompile>
    <ClCompile Include="CMEngine\src\Core\CME_AssetHandle.cpp">
      <Filter>CMEngine\src\Core</Filter>
    </ClCompile>
    <ClCompile Include="CMEngine\src\Core\CME_AssetManager.cpp">
      <Filter>CMEngine\src\Core</Filter>
    </ClCompile>
    <ClCompile Include="CMEngine\src\Core\CME_Camera.cpp">
      <Filter>CMEngine\src\Core</Filter>
    </ClCompile>
    <ClCompile Include="CMEngine\src\Core\CME_Component.cpp">
      <Filter>CMEngine\src\Core</Filter>
    </ClCompile>
    <ClCompile Include="CMEngine\src\Core\CME_Engine.cpp">
      <Filter>CMEngine\src\Core</Filter>
    </ClCompile>
    <ClCompile Include="CMEngine\src\Core\CME_Main.cpp">
      <Filter>CMEngine\src\Core</Filter>
    </ClCompile>
    <ClCompile Include="CMEngine\src\Core\CME_MeshSerializer.cpp">
      <Filter>CMEngine\src\Core</Filter>
    </ClCompile>
    <ClCompile Include="CMEngine\src\Core\CME_PCH.cpp">
      <Filter>CMEngine\src\Core</Filter>
    </ClCompile>
    <ClCompile Include="CMEngine\src\Core\CME_Scene.cpp">
      <Filter>CMEngine\src\Core</Filter>
    </ClCompile>
    <ClCompile Include="CMEngine\src\Core\CME_SceneManager.cpp">
      <Filter>CMEngine\src\Core</Filter>
    </ClCompile>
    <ClCompile Include="CMEngine\src\DirectX\CME_DXCamera.cpp">
      <Filter>CMEngine\Source Files\DirectX</Filter>
    </ClCompile>
    <ClCompile Include="CMEngine\src\DirectX\CME_DXComponents.cpp">
      <Filter>CMEngine\Source Files\DirectX</Filter>
    </ClCompile>
    <ClCompile Include="CMEngine\src\DirectX\CME_DXContext.cpp">
      <Filter>CMEngine\Source Files\DirectX</Filter>
    </ClCompile>
    <ClCompile Include="CMEngine\src\DirectX\CME_DXResources.cpp">
      <Filter>CMEngine\Source Files\DirectX</Filter>
    </ClCompile>
    <ClCompile Include="CMEngine\src\DirectX\CME_DXShaderData.cpp">
      <Filter>CMEngine\Source Files\DirectX</Filter>
    </ClCompile>
    <ClCompile Include="CMEngine\src\DirectX\CME_DXShaderLibrary.cpp">
      <Filter>CMEngine\Source Files\DirectX</Filter>
    </ClCompile>
    <ClCompile Include="CMEngine\src\DirectX\CME_DXShaderSet.cpp">
      <Filter>CMEngine\Source Files\DirectX</Filter>
    </ClCompile>
    <ClCompile Include="CMEngine\src\Windows\CME_WNKeyboard.cpp">
      <Filter>CMEngine\Source Files\Windows</Filter>
    </ClCompile>
    <ClCompile Include="CMEngine\src\Windows\CME_WNUtility.cpp">
      <Filter>CMEngine\Source Files\Windows</Filter>
    </ClCompile>
    <ClCompile Include="CMEngine\src\Windows\CME_WNWindow.cpp">
      <Filter>CMEngine\Source Files\Windows</Filter>
    </ClCompile>
  </ItemGroup>
  <ItemGroup>
    <FxCompile Include="CMEngine\resources\shaders\CMCircle_PS.hlsl">
      <Filter>CMEngine\Shaders\Pixel</Filter>
    </FxCompile>
    <FxCompile Include="CMEngine\resources\shaders\CMCircle_VS.hlsl">
      <Filter>CMEngine\Shaders\Vertex</Filter>
    </FxCompile>
    <FxCompile Include="CMEngine\resources\shaders\CMQuadDepth_PS.hlsl">
      <Filter>CMEngine\Shaders\Pixel</Filter>
    </FxCompile>
    <FxCompile Include="CMEngine\resources\shaders\CMQuadDepth_VS.hlsl">
      <Filter>CMEngine\Shaders\Vertex</Filter>
    </FxCompile>
    <FxCompile Include="CMEngine\resources\shaders\CMQuad_PS.hlsl">
      <Filter>CMEngine\Shaders\Pixel</Filter>
    </FxCompile>
    <FxCompile Include="CMEngine\resources\shaders\CMQuad_VS.hlsl">
      <Filter>CMEngine\Shaders\Vertex</Filter>
    </FxCompile>
    <FxCompile Include="vendor\submodules\DirectXTK\Src\Shaders\DGSLLambert.hlsl">
      <Filter>vendor\submodules\DirectXTK\Src\Shaders</Filter>
    </FxCompile>
    <FxCompile Include="vendor\submodules\DirectXTK\Src\Shaders\DGSLPhong.hlsl">
      <Filter>vendor\submodules\DirectXTK\Src\Shaders</Filter>
    </FxCompile>
    <FxCompile Include="vendor\submodules\DirectXTK\Src\Shaders\DGSLUnlit.hlsl">
      <Filter>vendor\submodules\DirectXTK\Src\Shaders</Filter>
    </FxCompile>
  </ItemGroup>
</Project>