
Microsoft Visual Studio Solution File, Format Version 12.00
# Visual Studio Version 17
VisualStudioVersion = 17.12.35728.132
MinimumVisualStudioVersion = 10.0.40219.1
Project("{8BC9CEB8-8B4A-11D0-8D11-00A0C91BC942}") = "CMRenderer", "CMRenderer\CMRenderer.vcxproj", "{638C273D-113B-4BCC-A8CD-D0A6C3310A13}"
	ProjectSection(ProjectDependencies) = postProject
		{CDC720D5-4FBA-4972-91CC-B07B576A06F7} = {CDC720D5-4FBA-4972-91CC-B07B576A06F7}
	EndProjectSection
EndProject
Project("{8BC9CEB8-8B4A-11D0-8D11-00A0C91BC942}") = "DearImGui_CMDep", "vendor\DearImGui_CMDep\DearImGui_CMDep.vcxproj", "{CDC720D5-4FBA-4972-91CC-B07B576A06F7}"
EndProject
Global
	GlobalSection(SolutionConfigurationPlatforms) = preSolution
		Debug|x64 = Debug|x64
		Debug|x86 = Debug|x86
		Distribution|x64 = Distribution|x64
		Distribution|x86 = Distribution|x86
		Release|x64 = Release|x64
		Release|x86 = Release|x86
	EndGlobalSection
	GlobalSection(ProjectConfigurationPlatforms) = postSolution
		{638C273D-113B-4BCC-A8CD-D0A6C3310A13}.Debug|x64.ActiveCfg = Debug|x64
		{638C273D-113B-4BCC-A8CD-D0A6C3310A13}.Debug|x64.Build.0 = Debug|x64
		{638C273D-113B-4BCC-A8CD-D0A6C3310A13}.Debug|x86.ActiveCfg = Debug|Win32
		{638C273D-113B-4BCC-A8CD-D0A6C3310A13}.Debug|x86.Build.0 = Debug|Win32
		{638C273D-113B-4BCC-A8CD-D0A6C3310A13}.Distribution|x64.ActiveCfg = Distribution|x64
		{638C273D-113B-4BCC-A8CD-D0A6C3310A13}.Distribution|x64.Build.0 = Distribution|x64
		{638C273D-113B-4BCC-A8CD-D0A6C3310A13}.Distribution|x86.ActiveCfg = Distribution|Win32
		{638C273D-113B-4BCC-A8CD-D0A6C3310A13}.Distribution|x86.Build.0 = Distribution|Win32
		{638C273D-113B-4BCC-A8CD-D0A6C3310A13}.Release|x64.ActiveCfg = Release|x64
		{638C273D-113B-4BCC-A8CD-D0A6C3310A13}.Release|x64.Build.0 = Release|x64
		{638C273D-113B-4BCC-A8CD-D0A6C3310A13}.Release|x86.ActiveCfg = Release|Win32
		{638C273D-113B-4BCC-A8CD-D0A6C3310A13}.Release|x86.Build.0 = Release|Win32
		{CDC720D5-4FBA-4972-91CC-B07B576A06F7}.Debug|x64.ActiveCfg = Debug|x64
		{CDC720D5-4FBA-4972-91CC-B07B576A06F7}.Debug|x64.Build.0 = Debug|x64
		{CDC720D5-4FBA-4972-91CC-B07B576A06F7}.Debug|x86.ActiveCfg = Debug|Win32
		{CDC720D5-4FBA-4972-91CC-B07B576A06F7}.Debug|x86.Build.0 = Debug|Win32
		{CDC720D5-4FBA-4972-91CC-B07B576A06F7}.Distribution|x64.ActiveCfg = Release|x64
		{CDC720D5-4FBA-4972-91CC-B07B576A06F7}.Distribution|x64.Build.0 = Release|x64
		{CDC720D5-4FBA-4972-91CC-B07B576A06F7}.Distribution|x86.ActiveCfg = Release|Win32
		{CDC720D5-4FBA-4972-91CC-B07B576A06F7}.Distribution|x86.Build.0 = Release|Win32
		{CDC720D5-4FBA-4972-91CC-B07B576A06F7}.Release|x64.ActiveCfg = Release|x64
		{CDC720D5-4FBA-4972-91CC-B07B576A06F7}.Release|x64.Build.0 = Release|x64
		{CDC720D5-4FBA-4972-91CC-B07B576A06F7}.Release|x86.ActiveCfg = Release|Win32
		{CDC720D5-4FBA-4972-91CC-B07B576A06F7}.Release|x86.Build.0 = Release|Win32
	EndGlobalSection
	GlobalSection(SolutionProperties) = preSolution
		HideSolutionNode = FALSE
	EndGlobalSection
	GlobalSection(ExtensibilityGlobals) = postSolution
		SolutionGuid = {1505C303-5F2C-405D-9814-F7C23E21DE3D}
	EndGlobalSection
EndGlobal
