<?xml version="1.0" encoding="utf-8"?>
<Project ToolsVersion="4.0" xmlns="http://schemas.microsoft.com/developer/msbuild/2003">
  <ItemGroup>
    <Filter Include="Source Files">
      <UniqueIdentifier>{4FC737F1-C7A5-4376-A066-2A32D752A2FF}</UniqueIdentifier>
      <Extensions>cpp;c;cc;cxx;c++;cppm;ixx;def;odl;idl;hpj;bat;asm;asmx</Extensions>
    </Filter>
    <Filter Include="Header Files">
      <UniqueIdentifier>{93995380-89BD-4b04-88EB-625FBE52EBFB}</UniqueIdentifier>
      <Extensions>h;hh;hpp;hxx;h++;hm;inl;inc;ipp;xsd</Extensions>
    </Filter>
    <Filter Include="Resource Files">
      <UniqueIdentifier>{67DA6AB6-F800-4c08-8B7A-83BB121AAD01}</UniqueIdentifier>
      <Extensions>rc;ico;cur;bmp;dlg;rc2;rct;bin;rgs;gif;jpg;jpeg;jpe;resx;tiff;tif;png;wav;mfcribbon-ms</Extensions>
    </Filter>
  </ItemGroup>
  <ItemGroup>
    <ClCompile Include="src\Main.cpp">
      <Filter>Source Files</Filter>
    </ClCompile>
    <ClCompile Include="src\CMRenderer.cpp">
      <Filter>Source Files</Filter>
    </ClCompile>
    <ClCompile Include="src\Core\CMPCH.cpp">
      <Filter>Source Files</Filter>
    </ClCompile>
    <ClCompile Include="src\Internal\CMWindow.cpp">
      <Filter>Source Files</Filter>
    </ClCompile>
    <ClCompile Include="src\Internal\CMRendererSettings.cpp">
      <Filter>Source Files</Filter>
    </ClCompile>
    <ClCompile Include="src\Internal\DirectX\DXContext.cpp">
      <Filter>Source Files</Filter>
    </ClCompile>
    <ClCompile Include="src\Internal\WindowsUtility.cpp">
      <Filter>Source Files</Filter>
    </ClCompile>
    <ClCompile Include="src\Internal\CMShaderLibrary.cpp">
      <Filter>Source Files</Filter>
    </ClCompile>
    <ClCompile Include="src\Internal\CMShaderData.cpp">
      <Filter>Source Files</Filter>
    </ClCompile>
    <ClCompile Include="src\Internal\DirectX\DXComponents.cpp">
      <Filter>Source Files</Filter>
    </ClCompile>
  </ItemGroup>
  <ItemGroup>
    <ClInclude Include="include\Core\CMPCH.hpp">
      <Filter>Header Files</Filter>
    </ClInclude>
    <ClInclude Include="include\Core\WindowsDefines.hpp">
      <Filter>Header Files</Filter>
    </ClInclude>
    <ClInclude Include="include\CMRenderer.hpp">
      <Filter>Header Files</Filter>
    </ClInclude>
    <ClInclude Include="include\Internal\CMLogger.hpp">
      <Filter>Header Files</Filter>
    </ClInclude>
    <ClInclude Include="include\Internal\CMWindow.hpp">
      <Filter>Header Files</Filter>
    </ClInclude>
    <ClInclude Include="include\Internal\CMRendererSettings.hpp">
      <Filter>Header Files</Filter>
    </ClInclude>
    <ClInclude Include="include\Internal\DirectX\DXContext.hpp">
      <Filter>Header Files</Filter>
    </ClInclude>
    <ClInclude Include="include\Internal\WindowsUtility.hpp">
      <Filter>Header Files</Filter>
    </ClInclude>
    <ClInclude Include="include\Core\Utility.hpp">
      <Filter>Header Files</Filter>
    </ClInclude>
    <ClInclude Include="include\Internal\CMShaderLibrary.hpp">
      <Filter>Header Files</Filter>
    </ClInclude>
    <ClInclude Include="include\Internal\CMStaticArray.hpp">
      <Filter>Header Files</Filter>
    </ClInclude>
    <ClInclude Include="include\Internal\CMShaderData.hpp">
      <Filter>Header Files</Filter>
    </ClInclude>
    <ClInclude Include="include\Internal\DirectX\DXUtility.hpp">
      <Filter>Header Files</Filter>
    </ClInclude>
    <ClInclude Include="include\Internal\DirectX\DXComponents.hpp">
      <Filter>Header Files</Filter>
    </ClInclude>
  </ItemGroup>
  <ItemGroup>
    <FxCompile Include="resources\shaders\DefaultVS.hlsl" />
    <FxCompile Include="resources\shaders\DefaultPS.hlsl" />
  </ItemGroup>
</Project>